lockfileVersion: 5.4

specifiers:
  esbuild: ^0.18.14
  esbuild-runner: ^2.2.2
  ethers: ^6.6.4

dependencies:
  esbuild: 0.18.14
  esbuild-runner: 2.2.2_esbuild@0.18.14
  ethers: 6.6.4

packages:

  /@adraffy/ens-normalize/1.9.2:
    resolution: {integrity: sha512-0h+FrQDqe2Wn+IIGFkTCd4aAwTJ+7834Ek1COohCyV26AXhwQ7WQaz+4F/nLOeVl/3BtWHOHLPsq46V8YB46Eg==}
    dev: false

  /@esbuild/android-arm/0.18.14:
    resolution: {integrity: sha512-blODaaL+lngG5bdK/t4qZcQvq2BBqrABmYwqPPcS5VRxrCSGHb9R/rA3fqxh7R18I7WU4KKv+NYkt22FDfalcg==}
    engines: {node: '>=12'}
    cpu: [arm]
    os: [android]
    requiresBuild: true
    dev: false
    optional: true

  /@esbuild/android-arm64/0.18.14:
    resolution: {integrity: sha512-rZ2v+Luba5/3D6l8kofWgTnqE+qsC/L5MleKIKFyllHTKHrNBMqeRCnZI1BtRx8B24xMYxeU32iIddRQqMsOsg==}
    engines: {node: '>=12'}
    cpu: [arm64]
    os: [android]
    requiresBuild: true
    dev: false
    optional: true

  /@esbuild/android-x64/0.18.14:
    resolution: {integrity: sha512-qSwh8y38QKl+1Iqg+YhvCVYlSk3dVLk9N88VO71U4FUjtiSFylMWK3Ugr8GC6eTkkP4Tc83dVppt2n8vIdlSGg==}
    engines: {node: '>=12'}
    cpu: [x64]
    os: [android]
    requiresBuild: true
    dev: false
    optional: true

  /@esbuild/darwin-arm64/0.18.14:
    resolution: {integrity: sha512-9Hl2D2PBeDYZiNbnRKRWuxwHa9v5ssWBBjisXFkVcSP5cZqzZRFBUWEQuqBHO4+PKx4q4wgHoWtfQ1S7rUqJ2Q==}
    engines: {node: '>=12'}
    cpu: [arm64]
    os: [darwin]
    requiresBuild: true
    dev: false
    optional: true

  /@esbuild/darwin-x64/0.18.14:
    resolution: {integrity: sha512-ZnI3Dg4ElQ6tlv82qLc/UNHtFsgZSKZ7KjsUNAo1BF1SoYDjkGKHJyCrYyWjFecmXpvvG/KJ9A/oe0H12odPLQ==}
    engines: {node: '>=12'}
    cpu: [x64]
    os: [darwin]
    requiresBuild: true
    dev: false
    optional: true

  /@esbuild/freebsd-arm64/0.18.14:
    resolution: {integrity: sha512-h3OqR80Da4oQCIa37zl8tU5MwHQ7qgPV0oVScPfKJK21fSRZEhLE4IIVpmcOxfAVmqjU6NDxcxhYaM8aDIGRLw==}
    engines: {node: '>=12'}
    cpu: [arm64]
    os: [freebsd]
    requiresBuild: true
    dev: false
    optional: true

  /@esbuild/freebsd-x64/0.18.14:
    resolution: {integrity: sha512-ha4BX+S6CZG4BoH9tOZTrFIYC1DH13UTCRHzFc3GWX74nz3h/N6MPF3tuR3XlsNjMFUazGgm35MPW5tHkn2lzQ==}
    engines: {node: '>=12'}
    cpu: [x64]
    os: [freebsd]
    requiresBuild: true
    dev: false
    optional: true

  /@esbuild/linux-arm/0.18.14:
    resolution: {integrity: sha512-5+7vehI1iqru5WRtJyU2XvTOvTGURw3OZxe3YTdE9muNNIdmKAVmSHpB3Vw2LazJk2ifEdIMt/wTWnVe5V98Kg==}
    engines: {node: '>=12'}
    cpu: [arm]
    os: [linux]
    requiresBuild: true
    dev: false
    optional: true

  /@esbuild/linux-arm64/0.18.14:
    resolution: {integrity: sha512-IXORRe22In7U65NZCzjwAUc03nn8SDIzWCnfzJ6t/8AvGx5zBkcLfknI+0P+hhuftufJBmIXxdSTbzWc8X/V4w==}
    engines: {node: '>=12'}
    cpu: [arm64]
    os: [linux]
    requiresBuild: true
    dev: false
    optional: true

  /@esbuild/linux-ia32/0.18.14:
    resolution: {integrity: sha512-BfHlMa0nibwpjG+VXbOoqJDmFde4UK2gnW351SQ2Zd4t1N3zNdmUEqRkw/srC1Sa1DRBE88Dbwg4JgWCbNz/FQ==}
    engines: {node: '>=12'}
    cpu: [ia32]
    os: [linux]
    requiresBuild: true
    dev: false
    optional: true

  /@esbuild/linux-loong64/0.18.14:
    resolution: {integrity: sha512-j2/Ex++DRUWIAaUDprXd3JevzGtZ4/d7VKz+AYDoHZ3HjJzCyYBub9CU1wwIXN+viOP0b4VR3RhGClsvyt/xSw==}
    engines: {node: '>=12'}
    cpu: [loong64]
    os: [linux]
    requiresBuild: true
    dev: false
    optional: true

  /@esbuild/linux-mips64el/0.18.14:
    resolution: {integrity: sha512-qn2+nc+ZCrJmiicoAnJXJJkZWt8Nwswgu1crY7N+PBR8ChBHh89XRxj38UU6Dkthl2yCVO9jWuafZ24muzDC/A==}
    engines: {node: '>=12'}
    cpu: [mips64el]
    os: [linux]
    requiresBuild: true
    dev: false
    optional: true

  /@esbuild/linux-ppc64/0.18.14:
    resolution: {integrity: sha512-aGzXzd+djqeEC5IRkDKt3kWzvXoXC6K6GyYKxd+wsFJ2VQYnOWE954qV2tvy5/aaNrmgPTb52cSCHFE+Z7Z0yg==}
    engines: {node: '>=12'}
    cpu: [ppc64]
    os: [linux]
    requiresBuild: true
    dev: false
    optional: true

  /@esbuild/linux-riscv64/0.18.14:
    resolution: {integrity: sha512-8C6vWbfr0ygbAiMFLS6OPz0BHvApkT2gCboOGV76YrYw+sD/MQJzyITNsjZWDXJwPu9tjrFQOVG7zijRzBCnLw==}
    engines: {node: '>=12'}
    cpu: [riscv64]
    os: [linux]
    requiresBuild: true
    dev: false
    optional: true

  /@esbuild/linux-s390x/0.18.14:
    resolution: {integrity: sha512-G/Lf9iu8sRMM60OVGOh94ZW2nIStksEcITkXdkD09/T6QFD/o+g0+9WVyR/jajIb3A0LvBJ670tBnGe1GgXMgw==}
    engines: {node: '>=12'}
    cpu: [s390x]
    os: [linux]
    requiresBuild: true
    dev: false
    optional: true

  /@esbuild/linux-x64/0.18.14:
    resolution: {integrity: sha512-TBgStYBQaa3EGhgqIDM+ECnkreb0wkcKqL7H6m+XPcGUoU4dO7dqewfbm0mWEQYH3kzFHrzjOFNpSAVzDZRSJw==}
    engines: {node: '>=12'}
    cpu: [x64]
    os: [linux]
    requiresBuild: true
    dev: false
    optional: true

  /@esbuild/netbsd-x64/0.18.14:
    resolution: {integrity: sha512-stvCcjyCQR2lMTroqNhAbvROqRjxPEq0oQ380YdXxA81TaRJEucH/PzJ/qsEtsHgXlWFW6Ryr/X15vxQiyRXVg==}
    engines: {node: '>=12'}
    cpu: [x64]
    os: [netbsd]
    requiresBuild: true
    dev: false
    optional: true

  /@esbuild/openbsd-x64/0.18.14:
    resolution: {integrity: sha512-apAOJF14CIsN5ht1PA57PboEMsNV70j3FUdxLmA2liZ20gEQnfTG5QU0FhENo5nwbTqCB2O3WDsXAihfODjHYw==}
    engines: {node: '>=12'}
    cpu: [x64]
    os: [openbsd]
    requiresBuild: true
    dev: false
    optional: true

  /@esbuild/sunos-x64/0.18.14:
    resolution: {integrity: sha512-fYRaaS8mDgZcGybPn2MQbn1ZNZx+UXFSUoS5Hd2oEnlsyUcr/l3c6RnXf1bLDRKKdLRSabTmyCy7VLQ7VhGdOQ==}
    engines: {node: '>=12'}
    cpu: [x64]
    os: [sunos]
    requiresBuild: true
    dev: false
    optional: true

  /@esbuild/win32-arm64/0.18.14:
    resolution: {integrity: sha512-1c44RcxKEJPrVj62XdmYhxXaU/V7auELCmnD+Ri+UCt+AGxTvzxl9uauQhrFso8gj6ZV1DaORV0sT9XSHOAk8Q==}
    engines: {node: '>=12'}
    cpu: [arm64]
    os: [win32]
    requiresBuild: true
    dev: false
    optional: true

  /@esbuild/win32-ia32/0.18.14:
    resolution: {integrity: sha512-EXAFttrdAxZkFQmpvcAQ2bywlWUsONp/9c2lcfvPUhu8vXBBenCXpoq9YkUvVP639ld3YGiYx0YUQ6/VQz3Maw==}
    engines: {node: '>=12'}
    cpu: [ia32]
    os: [win32]
    requiresBuild: true
    dev: false
    optional: true

  /@esbuild/win32-x64/0.18.14:
    resolution: {integrity: sha512-K0QjGbcskx+gY+qp3v4/940qg8JitpXbdxFhRDA1aYoNaPff88+aEwoq45aqJ+ogpxQxmU0ZTjgnrQD/w8iiUg==}
    engines: {node: '>=12'}
    cpu: [x64]
    os: [win32]
    requiresBuild: true
    dev: false
    optional: true

  /@noble/hashes/1.1.2:
    resolution: {integrity: sha512-KYRCASVTv6aeUi1tsF8/vpyR7zpfs3FUzy2Jqm+MU+LmUKhQ0y2FpfwqkCcxSg2ua4GALJd8k2R76WxwZGbQpA==}
    dev: false

  /@noble/secp256k1/1.7.1:
    resolution: {integrity: sha512-hOUk6AyBFmqVrv7k5WAw/LpszxVbj9gGN4JRkIX52fdFAj1UA61KXmZDvqVEm+pOyec3+fIeZB02LYa/pWOArw==}
    dev: false

  /@types/node/18.15.13:
    resolution: {integrity: sha512-N+0kuo9KgrUQ1Sn/ifDXsvg0TTleP7rIy4zOBGECxAljqvqfqpTfzx0Q1NUedOixRMBfe2Whhb056a42cWs26Q==}
    dev: false

  /aes-js/4.0.0-beta.5:
    resolution: {integrity: sha512-G965FqalsNyrPqgEGON7nIx1e/OVENSgiEIzyC63haUMuvNnwIgIjMs52hlTCKhkBny7A2ORNlfY9Zu+jmGk1Q==}
    dev: false

  /buffer-from/1.1.2:
    resolution: {integrity: sha512-E+XQCRwSbaaiChtv6k6Dwgc+bx+Bs6vuKJHHl5kox/BaKbhiXzqQOwK4cO22yElGp2OCmjwVhT3HmxgyPGnJfQ==}
    dev: false

  /esbuild-runner/2.2.2_esbuild@0.18.14:
    resolution: {integrity: sha512-fRFVXcmYVmSmtYm2mL8RlUASt2TDkGh3uRcvHFOKNr/T58VrfVeKD9uT9nlgxk96u0LS0ehS/GY7Da/bXWKkhw==}
    hasBin: true
    peerDependencies:
      esbuild: '*'
    dependencies:
      esbuild: 0.18.14
      source-map-support: 0.5.21
      tslib: 2.4.0
    dev: false

  /esbuild/0.18.14:
    resolution: {integrity: sha512-uNPj5oHPYmj+ZhSQeYQVFZ+hAlJZbAGOmmILWIqrGvPVlNLbyOvU5Bu6Woi8G8nskcx0vwY0iFoMPrzT86Ko+w==}
    engines: {node: '>=12'}
    hasBin: true
    requiresBuild: true
    optionalDependencies:
      '@esbuild/android-arm': 0.18.14
      '@esbuild/android-arm64': 0.18.14
      '@esbuild/android-x64': 0.18.14
      '@esbuild/darwin-arm64': 0.18.14
      '@esbuild/darwin-x64': 0.18.14
      '@esbuild/freebsd-arm64': 0.18.14
      '@esbuild/freebsd-x64': 0.18.14
      '@esbuild/linux-arm': 0.18.14
      '@esbuild/linux-arm64': 0.18.14
      '@esbuild/linux-ia32': 0.18.14
      '@esbuild/linux-loong64': 0.18.14
      '@esbuild/linux-mips64el': 0.18.14
      '@esbuild/linux-ppc64': 0.18.14
      '@esbuild/linux-riscv64': 0.18.14
      '@esbuild/linux-s390x': 0.18.14
      '@esbuild/linux-x64': 0.18.14
      '@esbuild/netbsd-x64': 0.18.14
      '@esbuild/openbsd-x64': 0.18.14
      '@esbuild/sunos-x64': 0.18.14
      '@esbuild/win32-arm64': 0.18.14
      '@esbuild/win32-ia32': 0.18.14
      '@esbuild/win32-x64': 0.18.14
    dev: false

  /ethers/6.6.4:
    resolution: {integrity: sha512-r3myN2hEnydmu23iiIj5kjWnCh5JNzlqrE/z+Kw5UqH173F+JOWzU6qkFB4HVC50epgxzKSL2Hq1oNXA877vwQ==}
    engines: {node: '>=14.0.0'}
    dependencies:
      '@adraffy/ens-normalize': 1.9.2
      '@noble/hashes': 1.1.2
      '@noble/secp256k1': 1.7.1
      '@types/node': 18.15.13
      aes-js: 4.0.0-beta.5
      tslib: 2.4.0
      ws: 8.5.0
    transitivePeerDependencies:
      - bufferutil
      - utf-8-validate
    dev: false

  /source-map-support/0.5.21:
    resolution: {integrity: sha512-uBHU3L3czsIyYXKX88fdrGovxdSCoTGDRZ6SYXtSRxLZUzHg5P/66Ht6uoUlHu9EZod+inXhKo3qQgwXUT/y1w==}
    dependencies:
      buffer-from: 1.1.2
      source-map: 0.6.1
    dev: false

  /source-map/0.6.1:
    resolution: {integrity: sha512-UjgapumWlbMhkBgzT7Ykc5YXUT46F0iKu8SGXq0bcwP5dz/h0Plj6enJqjz1Zbq2l5WaqYnrVbwWOWMyF3F47g==}
    engines: {node: '>=0.10.0'}
    dev: false

  /tslib/2.4.0:
    resolution: {integrity: sha512-d6xOpEDfsi2CZVlPQzGeux8XMwLT9hssAsaPYExaQMuYskwb+x1x7J371tWlbBdWHroy99KnVB6qIkUbs5X3UQ==}
    dev: false

  /ws/8.5.0:
    resolution: {integrity: sha512-BWX0SWVgLPzYwF8lTzEy1egjhS4S4OEAHfsO8o65WOVsrnSRGaSiUaa9e0ggGlkMTtBlmOpEXiie9RUcBO86qg==}
    engines: {node: '>=10.0.0'}
    peerDependencies:
      bufferutil: ^4.0.1
      utf-8-validate: ^5.0.2
    peerDependenciesMeta:
      bufferutil:
        optional: true
      utf-8-validate:
        optional: true
    dev: false
